
Microsoft Visual Studio Solution File, Format Version 12.00
# Visual Studio Version 17
VisualStudioVersion = 17.0.31903.59
MinimumVisualStudioVersion = 10.0.40219.1
Project("{2150E333-8FDC-42A3-9474-1A3956D46DE8}") = "src", "src", "{3C09728C-C220-4C61-BDE3-5ED68FBAD219}"
EndProject
Project("{FAE04EC0-301F-11D3-BF4B-00C04F79EFBC}") = "Kayord.IOT", "src\Kayord.IOT\Kayord.IOT.csproj", "{3BCE48C3-CA19-4379-8982-0576D648481C}"
EndProject
Global
	GlobalSection(SolutionConfigurationPlatforms) = preSolution
		Debug|Any CPU = Debug|Any CPU
		Release|Any CPU = Release|Any CPU
	EndGlobalSection
	GlobalSection(SolutionProperties) = preSolution
		HideSolutionNode = FALSE
	EndGlobalSection
	GlobalSection(ProjectConfigurationPlatforms) = postSolution
		{3BCE48C3-CA19-4379-8982-0576D648481C}.Debug|Any CPU.ActiveCfg = Debug|Any CPU
		{3BCE48C3-CA19-4379-8982-0576D648481C}.Debug|Any CPU.Build.0 = Debug|Any CPU
		{3BCE48C3-CA19-4379-8982-0576D648481C}.Release|Any CPU.ActiveCfg = Release|Any CPU
		{3BCE48C3-CA19-4379-8982-0576D648481C}.Release|Any CPU.Build.0 = Release|Any CPU
	EndGlobalSection
	GlobalSection(NestedProjects) = preSolution
		{3BCE48C3-CA19-4379-8982-0576D648481C} = {3C09728C-C220-4C61-BDE3-5ED68FBAD219}
	EndGlobalSection
EndGlobal
